
Microsoft Visual Studio Solution File, Format Version 12.00
# Visual Studio 2017
Project("{FAE04EC0-301F-11D3-BF4B-00C04F79EFBC}") = "Race prot", "Race prot.csproj", "{9FCF3FFC-096F-54F3-1CB8-CC62318C21B5}"
EndProject
Global
	GlobalSection(SolutionConfigurationPlatforms) = preSolution
		Debug|Any CPU = Debug|Any CPU
		Release|Any CPU = Release|Any CPU
	EndGlobalSection
	GlobalSection(ProjectConfigurationPlatforms) = postSolution
		{9FCF3FFC-096F-54F3-1CB8-CC62318C21B5}.Debug|Any CPU.ActiveCfg = Debug|Any CPU
		{9FCF3FFC-096F-54F3-1CB8-CC62318C21B5}.Debug|Any CPU.Build.0 = Debug|Any CPU
		{9FCF3FFC-096F-54F3-1CB8-CC62318C21B5}.Release|Any CPU.ActiveCfg = Release|Any CPU
		{9FCF3FFC-096F-54F3-1CB8-CC62318C21B5}.Release|Any CPU.Build.0 = Release|Any CPU
	EndGlobalSection
	GlobalSection(SolutionProperties) = preSolution
		HideSolutionNode = FALSE
	EndGlobalSection
EndGlobal
